// !$*UTF8*$!
{
	archiveVersion = 1;
	classes = {
	};
	objectVersion = 50;
	objects = {

/* Begin PBXBuildFile section */
		1C5C36EEAE9FEB8C8247AFD0 /* libPods-CommonCodeBackup.a in Frameworks */ = {isa = PBXBuildFile; fileRef = EEB5121F73CC0C8402DD18BD /* libPods-CommonCodeBackup.a */; };
		1D603FBE211979D500D0F7E0 /* AppDelegate.m in Sources */ = {isa = PBXBuildFile; fileRef = 1D603FBD211979D500D0F7E0 /* AppDelegate.m */; };
		1D603FC1211979D500D0F7E0 /* ViewController.m in Sources */ = {isa = PBXBuildFile; fileRef = 1D603FC0211979D500D0F7E0 /* ViewController.m */; };
		1D603FC6211979D600D0F7E0 /* Assets.xcassets in Resources */ = {isa = PBXBuildFile; fileRef = 1D603FC5211979D600D0F7E0 /* Assets.xcassets */; };
		1D603FC9211979D600D0F7E0 /* LaunchScreen.storyboard in Resources */ = {isa = PBXBuildFile; fileRef = 1D603FC7211979D600D0F7E0 /* LaunchScreen.storyboard */; };
		1D603FCC211979D600D0F7E0 /* main.m in Sources */ = {isa = PBXBuildFile; fileRef = 1D603FCB211979D600D0F7E0 /* main.m */; };
		1D603FD521197A1200D0F7E0 /* CLFDatePickerController.m in Sources */ = {isa = PBXBuildFile; fileRef = 1D603FD421197A1200D0F7E0 /* CLFDatePickerController.m */; };
		1DA2AE4B211EC65B00A28658 /* AdressArea.json in Resources */ = {isa = PBXBuildFile; fileRef = 1DA2AE4A211EC65B00A28658 /* AdressArea.json */; };
		1DA2AE4F211EC66500A28658 /* CLFPickerController.m in Sources */ = {isa = PBXBuildFile; fileRef = 1DA2AE4E211EC66500A28658 /* CLFPickerController.m */; };
		1DA2AE53211EC73200A28658 /* CLFCommonDatePickerViewController.m in Sources */ = {isa = PBXBuildFile; fileRef = 1DA2AE52211EC73200A28658 /* CLFCommonDatePickerViewController.m */; };
		1DA2AE58211ECB0700A28658 /* CLFImageAndTitleButton.m in Sources */ = {isa = PBXBuildFile; fileRef = 1DA2AE57211ECB0700A28658 /* CLFImageAndTitleButton.m */; };
		1DA2AE5C211EF53100A28658 /* ButtonViewController.m in Sources */ = {isa = PBXBuildFile; fileRef = 1DA2AE5B211EF53100A28658 /* ButtonViewController.m */; };
/* End PBXBuildFile section */

/* Begin PBXFileReference section */
		1D603FB9211979D500D0F7E0 /* CommonCodeBackup.app */ = {isa = PBXFileReference; explicitFileType = wrapper.application; includeInIndex = 0; path = CommonCodeBackup.app; sourceTree = BUILT_PRODUCTS_DIR; };
		1D603FBC211979D500D0F7E0 /* AppDelegate.h */ = {isa = PBXFileReference; lastKnownFileType = sourcecode.c.h; path = AppDelegate.h; sourceTree = "<group>"; };
		1D603FBD211979D500D0F7E0 /* AppDelegate.m */ = {isa = PBXFileReference; lastKnownFileType = sourcecode.c.objc; path = AppDelegate.m; sourceTree = "<group>"; };
		1D603FBF211979D500D0F7E0 /* ViewController.h */ = {isa = PBXFileReference; lastKnownFileType = sourcecode.c.h; path = ViewController.h; sourceTree = "<group>"; };
		1D603FC0211979D500D0F7E0 /* ViewController.m */ = {isa = PBXFileReference; lastKnownFileType = sourcecode.c.objc; path = ViewController.m; sourceTree = "<group>"; };
		1D603FC5211979D600D0F7E0 /* Assets.xcassets */ = {isa = PBXFileReference; lastKnownFileType = folder.assetcatalog; path = Assets.xcassets; sourceTree = "<group>"; };
		1D603FC8211979D600D0F7E0 /* Base */ = {isa = PBXFileReference; lastKnownFileType = file.storyboard; name = Base; path = Base.lproj/LaunchScreen.storyboard; sourceTree = "<group>"; };
		1D603FCA211979D600D0F7E0 /* Info.plist */ = {isa = PBXFileReference; lastKnownFileType = text.plist.xml; path = Info.plist; sourceTree = "<group>"; };
		1D603FCB211979D600D0F7E0 /* main.m */ = {isa = PBXFileReference; lastKnownFileType = sourcecode.c.objc; path = main.m; sourceTree = "<group>"; };
		1D603FD321197A1200D0F7E0 /* CLFDatePickerController.h */ = {isa = PBXFileReference; lastKnownFileType = sourcecode.c.h; path = CLFDatePickerController.h; sourceTree = "<group>"; };
		1D603FD421197A1200D0F7E0 /* CLFDatePickerController.m */ = {isa = PBXFileReference; lastKnownFileType = sourcecode.c.objc; path = CLFDatePickerController.m; sourceTree = "<group>"; };
		1DA2AE4A211EC65B00A28658 /* AdressArea.json */ = {isa = PBXFileReference; fileEncoding = 4; lastKnownFileType = text.json; path = AdressArea.json; sourceTree = "<group>"; };
		1DA2AE4D211EC66500A28658 /* CLFPickerController.h */ = {isa = PBXFileReference; fileEncoding = 4; lastKnownFileType = sourcecode.c.h; path = CLFPickerController.h; sourceTree = "<group>"; };
		1DA2AE4E211EC66500A28658 /* CLFPickerController.m */ = {isa = PBXFileReference; fileEncoding = 4; lastKnownFileType = sourcecode.c.objc; path = CLFPickerController.m; sourceTree = "<group>"; };
		1DA2AE50211EC6BA00A28658 /* PrefixHeader.pch */ = {isa = PBXFileReference; fileEncoding = 4; lastKnownFileType = sourcecode.c.h; path = PrefixHeader.pch; sourceTree = "<group>"; };
		1DA2AE51211EC73200A28658 /* CLFCommonDatePickerViewController.h */ = {isa = PBXFileReference; fileEncoding = 4; lastKnownFileType = sourcecode.c.h; name = CLFCommonDatePickerViewController.h; path = CommonCodeBackup/PickerView/CLFCommonDatePickerViewController.h; sourceTree = SOURCE_ROOT; };
		1DA2AE52211EC73200A28658 /* CLFCommonDatePickerViewController.m */ = {isa = PBXFileReference; fileEncoding = 4; lastKnownFileType = sourcecode.c.objc; name = CLFCommonDatePickerViewController.m; path = CommonCodeBackup/PickerView/CLFCommonDatePickerViewController.m; sourceTree = SOURCE_ROOT; };
		1DA2AE56211ECB0700A28658 /* CLFImageAndTitleButton.h */ = {isa = PBXFileReference; lastKnownFileType = sourcecode.c.h; path = CLFImageAndTitleButton.h; sourceTree = "<group>"; };
		1DA2AE57211ECB0700A28658 /* CLFImageAndTitleButton.m */ = {isa = PBXFileReference; lastKnownFileType = sourcecode.c.objc; path = CLFImageAndTitleButton.m; sourceTree = "<group>"; };
		1DA2AE5A211EF53100A28658 /* ButtonViewController.h */ = {isa = PBXFileReference; lastKnownFileType = sourcecode.c.h; path = ButtonViewController.h; sourceTree = "<group>"; };
		1DA2AE5B211EF53100A28658 /* ButtonViewController.m */ = {isa = PBXFileReference; lastKnownFileType = sourcecode.c.objc; path = ButtonViewController.m; sourceTree = "<group>"; };
		249E73201D64E558942EAE49 /* Pods-CommonCodeBackup.release.xcconfig */ = {isa = PBXFileReference; includeInIndex = 1; lastKnownFileType = text.xcconfig; name = "Pods-CommonCodeBackup.release.xcconfig"; path = "Pods/Target Support Files/Pods-CommonCodeBackup/Pods-CommonCodeBackup.release.xcconfig"; sourceTree = "<group>"; };
		472077AB121DBE3AA1CF130A /* Pods-CommonCodeBackup.debug.xcconfig */ = {isa = PBXFileReference; includeInIndex = 1; lastKnownFileType = text.xcconfig; name = "Pods-CommonCodeBackup.debug.xcconfig"; path = "Pods/Target Support Files/Pods-CommonCodeBackup/Pods-CommonCodeBackup.debug.xcconfig"; sourceTree = "<group>"; };
		EEB5121F73CC0C8402DD18BD /* libPods-CommonCodeBackup.a */ = {isa = PBXFileReference; explicitFileType = archive.ar; includeInIndex = 0; path = "libPods-CommonCodeBackup.a"; sourceTree = BUILT_PRODUCTS_DIR; };
/* End PBXFileReference section */

/* Begin PBXFrameworksBuildPhase section */
		1D603FB6211979D500D0F7E0 /* Frameworks */ = {
			isa = PBXFrameworksBuildPhase;
			buildActionMask = 2147483647;
			files = (
				1C5C36EEAE9FEB8C8247AFD0 /* libPods-CommonCodeBackup.a in Frameworks */,
			);
			runOnlyForDeploymentPostprocessing = 0;
		};
/* End PBXFrameworksBuildPhase section */

/* Begin PBXGroup section */
		1D603FB0211979D500D0F7E0 = {
			isa = PBXGroup;
			children = (
				1D603FBB211979D500D0F7E0 /* CommonCodeBackup */,
				1D603FBA211979D500D0F7E0 /* Products */,
				DA67BFCF3C87A030E1E6B989 /* Pods */,
				2F62AEBCD324BF051A6A8839 /* Frameworks */,
			);
			sourceTree = "<group>";
		};
		1D603FBA211979D500D0F7E0 /* Products */ = {
			isa = PBXGroup;
			children = (
				1D603FB9211979D500D0F7E0 /* CommonCodeBackup.app */,
			);
			name = Products;
			sourceTree = "<group>";
		};
		1D603FBB211979D500D0F7E0 /* CommonCodeBackup */ = {
			isa = PBXGroup;
			children = (
				1DA2AE49211EC65B00A28658 /* Source */,
				1DA2AE4C211EC66500A28658 /* PickerView */,
				1D603FD2211979F600D0F7E0 /* DatePicker */,
				1DA2AE55211ECA5000A28658 /* CLFImageAndTitleButton */,
				1D603FBC211979D500D0F7E0 /* AppDelegate.h */,
				1D603FBD211979D500D0F7E0 /* AppDelegate.m */,
				1D603FBF211979D500D0F7E0 /* ViewController.h */,
				1D603FC0211979D500D0F7E0 /* ViewController.m */,
				1D603FC5211979D600D0F7E0 /* Assets.xcassets */,
				1D603FC7211979D600D0F7E0 /* LaunchScreen.storyboard */,
				1D603FCA211979D600D0F7E0 /* Info.plist */,
				1D603FCB211979D600D0F7E0 /* main.m */,
				1DA2AE50211EC6BA00A28658 /* PrefixHeader.pch */,
			);
			path = CommonCodeBackup;
			sourceTree = "<group>";
		};
		1D603FD2211979F600D0F7E0 /* DatePicker */ = {
			isa = PBXGroup;
			children = (
				1D603FD321197A1200D0F7E0 /* CLFDatePickerController.h */,
				1D603FD421197A1200D0F7E0 /* CLFDatePickerController.m */,
				1DA2AE51211EC73200A28658 /* CLFCommonDatePickerViewController.h */,
				1DA2AE52211EC73200A28658 /* CLFCommonDatePickerViewController.m */,
			);
			path = DatePicker;
			sourceTree = "<group>";
		};
		1DA2AE49211EC65B00A28658 /* Source */ = {
			isa = PBXGroup;
			children = (
				1DA2AE4A211EC65B00A28658 /* AdressArea.json */,
			);
			path = Source;
			sourceTree = "<group>";
		};
		1DA2AE4C211EC66500A28658 /* PickerView */ = {
			isa = PBXGroup;
			children = (
				1DA2AE4D211EC66500A28658 /* CLFPickerController.h */,
				1DA2AE4E211EC66500A28658 /* CLFPickerController.m */,
			);
			path = PickerView;
			sourceTree = "<group>";
		};
		1DA2AE55211ECA5000A28658 /* CLFImageAndTitleButton */ = {
			isa = PBXGroup;
			children = (
				1DA2AE56211ECB0700A28658 /* CLFImageAndTitleButton.h */,
				1DA2AE57211ECB0700A28658 /* CLFImageAndTitleButton.m */,
				1DA2AE5A211EF53100A28658 /* ButtonViewController.h */,
				1DA2AE5B211EF53100A28658 /* ButtonViewController.m */,
			);
			path = CLFImageAndTitleButton;
			sourceTree = "<group>";
		};
		2F62AEBCD324BF051A6A8839 /* Frameworks */ = {
			isa = PBXGroup;
			children = (
				EEB5121F73CC0C8402DD18BD /* libPods-CommonCodeBackup.a */,
			);
			name = Frameworks;
			sourceTree = "<group>";
		};
		DA67BFCF3C87A030E1E6B989 /* Pods */ = {
			isa = PBXGroup;
			children = (
				472077AB121DBE3AA1CF130A /* Pods-CommonCodeBackup.debug.xcconfig */,
				249E73201D64E558942EAE49 /* Pods-CommonCodeBackup.release.xcconfig */,
			);
			name = Pods;
			sourceTree = "<group>";
		};
/* End PBXGroup section */

/* Begin PBXNativeTarget section */
		1D603FB8211979D500D0F7E0 /* CommonCodeBackup */ = {
			isa = PBXNativeTarget;
			buildConfigurationList = 1D603FCF211979D600D0F7E0 /* Build configuration list for PBXNativeTarget "CommonCodeBackup" */;
			buildPhases = (
				82F2F1D635C6860C5183FA05 /* [CP] Check Pods Manifest.lock */,
				1D603FB5211979D500D0F7E0 /* Sources */,
				1D603FB6211979D500D0F7E0 /* Frameworks */,
				1D603FB7211979D500D0F7E0 /* Resources */,
			);
			buildRules = (
			);
			dependencies = (
			);
			name = CommonCodeBackup;
			productName = CommonCodeBackup;
			productReference = 1D603FB9211979D500D0F7E0 /* CommonCodeBackup.app */;
			productType = "com.apple.product-type.application";
		};
/* End PBXNativeTarget section */

/* Begin PBXProject section */
		1D603FB1211979D500D0F7E0 /* Project object */ = {
			isa = PBXProject;
			attributes = {
				LastUpgradeCheck = 0940;
				ORGANIZATIONNAME = chengluffy;
				TargetAttributes = {
					1D603FB8211979D500D0F7E0 = {
						CreatedOnToolsVersion = 9.4.1;
					};
				};
			};
			buildConfigurationList = 1D603FB4211979D500D0F7E0 /* Build configuration list for PBXProject "CommonCodeBackup" */;
			compatibilityVersion = "Xcode 9.3";
			developmentRegion = en;
			hasScannedForEncodings = 0;
			knownRegions = (
				en,
				Base,
			);
			mainGroup = 1D603FB0211979D500D0F7E0;
			productRefGroup = 1D603FBA211979D500D0F7E0 /* Products */;
			projectDirPath = "";
			projectRoot = "";
			targets = (
				1D603FB8211979D500D0F7E0 /* CommonCodeBackup */,
			);
		};
/* End PBXProject section */

/* Begin PBXResourcesBuildPhase section */
		1D603FB7211979D500D0F7E0 /* Resources */ = {
			isa = PBXResourcesBuildPhase;
			buildActionMask = 2147483647;
			files = (
				1D603FC9211979D600D0F7E0 /* LaunchScreen.storyboard in Resources */,
				1D603FC6211979D600D0F7E0 /* Assets.xcassets in Resources */,
				1DA2AE4B211EC65B00A28658 /* AdressArea.json in Resources */,
			);
			runOnlyForDeploymentPostprocessing = 0;
		};
/* End PBXResourcesBuildPhase section */

/* Begin PBXShellScriptBuildPhase section */
		82F2F1D635C6860C5183FA05 /* [CP] Check Pods Manifest.lock */ = {
			isa = PBXShellScriptBuildPhase;
			buildActionMask = 2147483647;
			files = (
			);
			inputPaths = (
				"${PODS_PODFILE_DIR_PATH}/Podfile.lock",
				"${PODS_ROOT}/Manifest.lock",
			);
			name = "[CP] Check Pods Manifest.lock";
			outputPaths = (
				"$(DERIVED_FILE_DIR)/Pods-CommonCodeBackup-checkManifestLockResult.txt",
			);
			runOnlyForDeploymentPostprocessing = 0;
			shellPath = /bin/sh;
			shellScript = "diff \"${PODS_PODFILE_DIR_PATH}/Podfile.lock\" \"${PODS_ROOT}/Manifest.lock\" > /dev/null\nif [ $? != 0 ] ; then\n    # print error to STDERR\n    echo \"error: The sandbox is not in sync with the Podfile.lock. Run 'pod install' or update your CocoaPods installation.\" >&2\n    exit 1\nfi\n# This output is used by Xcode 'outputs' to avoid re-running this script phase.\necho \"SUCCESS\" > \"${SCRIPT_OUTPUT_FILE_0}\"\n";
			showEnvVarsInLog = 0;
		};
/* End PBXShellScriptBuildPhase section */

/* Begin PBXSourcesBuildPhase section */
		1D603FB5211979D500D0F7E0 /* Sources */ = {
			isa = PBXSourcesBuildPhase;
			buildActionMask = 2147483647;
			files = (
				1D603FC1211979D500D0F7E0 /* ViewController.m in Sources */,
				1DA2AE58211ECB0700A28658 /* CLFImageAndTitleButton.m in Sources */,
				1DA2AE4F211EC66500A28658 /* CLFPickerController.m in Sources */,
				1D603FD521197A1200D0F7E0 /* CLFDatePickerController.m in Sources */,
				1DA2AE5C211EF53100A28658 /* ButtonViewController.m in Sources */,
				1D603FCC211979D600D0F7E0 /* main.m in Sources */,
				1D603FBE211979D500D0F7E0 /* AppDelegate.m in Sources */,
				1DA2AE53211EC73200A28658 /* CLFCommonDatePickerViewController.m in Sources */,
			);
			runOnlyForDeploymentPostprocessing = 0;
		};
/* End PBXSourcesBuildPhase section */

/* Begin PBXVariantGroup section */
		1D603FC7211979D600D0F7E0 /* LaunchScreen.storyboard */ = {
			isa = PBXVariantGroup;
			children = (
				1D603FC8211979D600D0F7E0 /* Base */,
			);
			name = LaunchScreen.storyboard;
			sourceTree = "<group>";
		};
/* End PBXVariantGroup section */

/* Begin XCBuildConfiguration section */
		1D603FCD211979D600D0F7E0 /* Debug */ = {
			isa = XCBuildConfiguration;
			buildSettings = {
				ALWAYS_SEARCH_USER_PATHS = NO;
				CLANG_ANALYZER_NONNULL = YES;
				CLANG_ANALYZER_NUMBER_OBJECT_CONVERSION = YES_AGGRESSIVE;
				CLANG_CXX_LANGUAGE_STANDARD = "gnu++14";
				CLANG_CXX_LIBRARY = "libc++";
				CLANG_ENABLE_MODULES = YES;
				CLANG_ENABLE_OBJC_ARC = YES;
				CLANG_ENABLE_OBJC_WEAK = YES;
				CLANG_WARN_BLOCK_CAPTURE_AUTORELEASING = YES;
				CLANG_WARN_BOOL_CONVERSION = YES;
				CLANG_WARN_COMMA = YES;
				CLANG_WARN_CONSTANT_CONVERSION = YES;
				CLANG_WARN_DEPRECATED_OBJC_IMPLEMENTATIONS = YES;
				CLANG_WARN_DIRECT_OBJC_ISA_USAGE = YES_ERROR;
				CLANG_WARN_DOCUMENTATION_COMMENTS = YES;
				CLANG_WARN_EMPTY_BODY = YES;
				CLANG_WARN_ENUM_CONVERSION = YES;
				CLANG_WARN_INFINITE_RECURSION = YES;
				CLANG_WARN_INT_CONVERSION = YES;
				CLANG_WARN_NON_LITERAL_NULL_CONVERSION = YES;
				CLANG_WARN_OBJC_IMPLICIT_RETAIN_SELF = YES;
				CLANG_WARN_OBJC_LITERAL_CONVERSION = YES;
				CLANG_WARN_OBJC_ROOT_CLASS = YES_ERROR;
				CLANG_WARN_RANGE_LOOP_ANALYSIS = YES;
				CLANG_WARN_STRICT_PROTOTYPES = YES;
				CLANG_WARN_SUSPICIOUS_MOVE = YES;
				CLANG_WARN_UNGUARDED_AVAILABILITY = YES_AGGRESSIVE;
				CLANG_WARN_UNREACHABLE_CODE = YES;
				CLANG_WARN__DUPLICATE_METHOD_MATCH = YES;
				CODE_SIGN_IDENTITY = "iPhone Developer";
				COPY_PHASE_STRIP = NO;
				DEBUG_INFORMATION_FORMAT = dwarf;
				ENABLE_STRICT_OBJC_MSGSEND = YES;
				ENABLE_TESTABILITY = YES;
				GCC_C_LANGUAGE_STANDARD = gnu11;
				GCC_DYNAMIC_NO_PIC = NO;
				GCC_NO_COMMON_BLOCKS = YES;
				GCC_OPTIMIZATION_LEVEL = 0;
				GCC_PREPROCESSOR_DEFINITIONS = (
					"DEBUG=1",
					"$(inherited)",
				);
				GCC_WARN_64_TO_32_BIT_CONVERSION = YES;
				GCC_WARN_ABOUT_RETURN_TYPE = YES_ERROR;
				GCC_WARN_UNDECLARED_SELECTOR = YES;
				GCC_WARN_UNINITIALIZED_AUTOS = YES_AGGRESSIVE;
				GCC_WARN_UNUSED_FUNCTION = YES;
				GCC_WARN_UNUSED_VARIABLE = YES;
				IPHONEOS_DEPLOYMENT_TARGET = 11.4;
				MTL_ENABLE_DEBUG_INFO = YES;
				ONLY_ACTIVE_ARCH = YES;
				SDKROOT = iphoneos;
			};
			name = Debug;
		};
		1D603FCE211979D600D0F7E0 /* Release */ = {
			isa = XCBuildConfiguration;
			buildSettings = {
				ALWAYS_SEARCH_USER_PATHS = NO;
				CLANG_ANALYZER_NONNULL = YES;
				CLANG_ANALYZER_NUMBER_OBJECT_CONVERSION = YES_AGGRESSIVE;
				CLANG_CXX_LANGUAGE_STANDARD = "gnu++14";
				CLANG_CXX_LIBRARY = "libc++";
				CLANG_ENABLE_MODULES = YES;
				CLANG_ENABLE_OBJC_ARC = YES;
				CLANG_ENABLE_OBJC_WEAK = YES;
				CLANG_WARN_BLOCK_CAPTURE_AUTORELEASING = YES;
				CLANG_WARN_BOOL_CONVERSION = YES;
				CLANG_WARN_COMMA = YES;
				CLANG_WARN_CONSTANT_CONVERSION = YES;
				CLANG_WARN_DEPRECATED_OBJC_IMPLEMENTATIONS = YES;
				CLANG_WARN_DIRECT_OBJC_ISA_USAGE = YES_ERROR;
				CLANG_WARN_DOCUMENTATION_COMMENTS = YES;
				CLANG_WARN_EMPTY_BODY = YES;
				CLANG_WARN_ENUM_CONVERSION = YES;
				CLANG_WARN_INFINITE_RECURSION = YES;
				CLANG_WARN_INT_CONVERSION = YES;
				CLANG_WARN_NON_LITERAL_NULL_CONVERSION = YES;
				CLANG_WARN_OBJC_IMPLICIT_RETAIN_SELF = YES;
				CLANG_WARN_OBJC_LITERAL_CONVERSION = YES;
				CLANG_WARN_OBJC_ROOT_CLASS = YES_ERROR;
				CLANG_WARN_RANGE_LOOP_ANALYSIS = YES;
				CLANG_WARN_STRICT_PROTOTYPES = YES;
				CLANG_WARN_SUSPICIOUS_MOVE = YES;
				CLANG_WARN_UNGUARDED_AVAILABILITY = YES_AGGRESSIVE;
				CLANG_WARN_UNREACHABLE_CODE = YES;
				CLANG_WARN__DUPLICATE_METHOD_MATCH = YES;
				CODE_SIGN_IDENTITY = "iPhone Developer";
				COPY_PHASE_STRIP = NO;
				DEBUG_INFORMATION_FORMAT = "dwarf-with-dsym";
				ENABLE_NS_ASSERTIONS = NO;
				ENABLE_STRICT_OBJC_MSGSEND = YES;
				GCC_C_LANGUAGE_STANDARD = gnu11;
				GCC_NO_COMMON_BLOCKS = YES;
				GCC_WARN_64_TO_32_BIT_CONVERSION = YES;
				GCC_WARN_ABOUT_RETURN_TYPE = YES_ERROR;
				GCC_WARN_UNDECLARED_SELECTOR = YES;
				GCC_WARN_UNINITIALIZED_AUTOS = YES_AGGRESSIVE;
				GCC_WARN_UNUSED_FUNCTION = YES;
				GCC_WARN_UNUSED_VARIABLE = YES;
				IPHONEOS_DEPLOYMENT_TARGET = 11.4;
				MTL_ENABLE_DEBUG_INFO = NO;
				SDKROOT = iphoneos;
				VALIDATE_PRODUCT = YES;
			};
			name = Release;
		};
		1D603FD0211979D600D0F7E0 /* Debug */ = {
			isa = XCBuildConfiguration;
			baseConfigurationReference = 472077AB121DBE3AA1CF130A /* Pods-CommonCodeBackup.debug.xcconfig */;
			buildSettings = {
				ASSETCATALOG_COMPILER_APPICON_NAME = AppIcon;
				CODE_SIGN_STYLE = Automatic;
				DEVELOPMENT_TEAM = C5WAW7Z979;
				GCC_PREFIX_HEADER = "$(SRCROOT)/CommonCodeBackup/PrefixHeader.pch";
				INFOPLIST_FILE = CommonCodeBackup/Info.plist;
				IPHONEOS_DEPLOYMENT_TARGET = 9.0;
				LD_RUNPATH_SEARCH_PATHS = (
					"$(inherited)",
					"@executable_path/Frameworks",
				);
				PRODUCT_BUNDLE_IDENTIFIER = com.chengluffy.CommonCodeBackup;
				PRODUCT_NAME = "$(TARGET_NAME)";
				TARGETED_DEVICE_FAMILY = "1,2";
			};
			name = Debug;
		};
		1D603FD1211979D600D0F7E0 /* Release */ = {
			isa = XCBuildConfiguration;
			baseConfigurationReference = 249E73201D64E558942EAE49 /* Pods-CommonCodeBackup.release.xcconfig */;
			buildSettings = {
				ASSETCATALOG_COMPILER_APPICON_NAME = AppIcon;
				CODE_SIGN_STYLE = Automatic;
				DEVELOPMENT_TEAM = C5WAW7Z979;
				GCC_PREFIX_HEADER = "$(SRCROOT)/CommonCodeBackup/PrefixHeader.pch";
				INFOPLIST_FILE = CommonCodeBackup/Info.plist;
				IPHONEOS_DEPLOYMENT_TARGET = 9.0;
				LD_RUNPATH_SEARCH_PATHS = (
					"$(inherited)",
					"@executable_path/Frameworks",
				);
				PRODUCT_BUNDLE_IDENTIFIER = com.chengluffy.CommonCodeBackup;
				PRODUCT_NAME = "$(TARGET_NAME)";
				TARGETED_DEVICE_FAMILY = "1,2";
			};
			name = Release;
		};
/* End XCBuildConfiguration section */

/* Begin XCConfigurationList section */
		1D603FB4211979D500D0F7E0 /* Build configuration list for PBXProject "CommonCodeBackup" */ = {
			isa = XCConfigurationList;
			buildConfigurations = (
				1D603FCD211979D600D0F7E0 /* Debug */,
				1D603FCE211979D600D0F7E0 /* Release */,
			);
			defaultConfigurationIsVisible = 0;
			defaultConfigurationName = Release;
		};
		1D603FCF211979D600D0F7E0 /* Build configuration list for PBXNativeTarget "CommonCodeBackup" */ = {
			isa = XCConfigurationList;
			buildConfigurations = (
				1D603FD0211979D600D0F7E0 /* Debug */,
				1D603FD1211979D600D0F7E0 /* Release */,
			);
			defaultConfigurationIsVisible = 0;
			defaultConfigurationName = Release;
		};
/* End XCConfigurationList section */
	};
	rootObject = 1D603FB1211979D500D0F7E0 /* Project object */;
}
